
Microsoft Visual Studio Solution File, Format Version 12.00
# Visual Studio 15
VisualStudioVersion = 15.0.27703.2035
MinimumVisualStudioVersion = 10.0.40219.1
Project("{F184B08F-C81C-45F6-A57F-5ABD9991F28F}") = "vbproj", "vbproj\vbproj.vbproj", "{CBC3D2AD-B98C-4F8D-B162-DD401ED6BB5F}"
EndProject
Global
	GlobalSection(SolutionConfigurationPlatforms) = preSolution
		Debug|Any CPU = Debug|Any CPU
		Release|Any CPU = Release|Any CPU
	EndGlobalSection
	GlobalSection(ProjectConfigurationPlatforms) = postSolution
		{CBC3D2AD-B98C-4F8D-B162-DD401ED6BB5F}.Debug|Any CPU.ActiveCfg = Debug|Any CPU
		{CBC3D2AD-B98C-4F8D-B162-DD401ED6BB5F}.Debug|Any CPU.Build.0 = Debug|Any CPU
		{CBC3D2AD-B98C-4F8D-B162-DD401ED6BB5F}.Release|Any CPU.ActiveCfg = Release|Any CPU
		{CBC3D2AD-B98C-4F8D-B162-DD401ED6BB5F}.Release|Any CPU.Build.0 = Release|Any CPU
	EndGlobalSection
	GlobalSection(SolutionProperties) = preSolution
		HideSolutionNode = FALSE
	EndGlobalSection
	GlobalSection(ExtensibilityGlobals) = postSolution
		SolutionGuid = {DD0BD239-8DA3-41B5-A16F-B199F24C47EA}
	EndGlobalSection
EndGlobal
